
Microsoft Visual Studio Solution File, Format Version 12.00
# Visual Studio Version 17
VisualStudioVersion = 17.5.002.0
MinimumVisualStudioVersion = 10.0.40219.1
Project("{2150E333-8FDC-42A3-9474-1A3956D46DE8}") = "src", "src", "{3E205DA5-AF79-438A-92C9-D18A590023F7}"
EndProject
Project("{9A19103F-16F7-4668-BE54-9A1E7A4F7556}") = "dotnet.podcast", "src\dotnet.podcast\dotnet.podcast.csproj", "{934F048F-6226-42E0-93D2-15F4D6442EC6}"
EndProject
Project("{FAE04EC0-301F-11D3-BF4B-00C04F79EFBC}") = "dotnet.podcast.tests", "tests\dotnet.podcast.tests\dotnet.podcast.tests.csproj", "{BBB8F034-439B-4C83-AF38-65B438B52F21}"
EndProject
Project("{2150E333-8FDC-42A3-9474-1A3956D46DE8}") = "tests", "tests", "{EB158B4F-31B7-4787-97CD-EB112ABEBF51}"
EndProject
Global
	GlobalSection(SolutionConfigurationPlatforms) = preSolution
		Debug|Any CPU = Debug|Any CPU
		Release|Any CPU = Release|Any CPU
	EndGlobalSection
	GlobalSection(ProjectConfigurationPlatforms) = postSolution
		{934F048F-6226-42E0-93D2-15F4D6442EC6}.Debug|Any CPU.ActiveCfg = Debug|Any CPU
		{934F048F-6226-42E0-93D2-15F4D6442EC6}.Debug|Any CPU.Build.0 = Debug|Any CPU
		{934F048F-6226-42E0-93D2-15F4D6442EC6}.Release|Any CPU.ActiveCfg = Release|Any CPU
		{934F048F-6226-42E0-93D2-15F4D6442EC6}.Release|Any CPU.Build.0 = Release|Any CPU
		{BBB8F034-439B-4C83-AF38-65B438B52F21}.Debug|Any CPU.ActiveCfg = Debug|Any CPU
		{BBB8F034-439B-4C83-AF38-65B438B52F21}.Debug|Any CPU.Build.0 = Debug|Any CPU
		{BBB8F034-439B-4C83-AF38-65B438B52F21}.Release|Any CPU.ActiveCfg = Release|Any CPU
		{BBB8F034-439B-4C83-AF38-65B438B52F21}.Release|Any CPU.Build.0 = Release|Any CPU
	EndGlobalSection
	GlobalSection(SolutionProperties) = preSolution
		HideSolutionNode = FALSE
	EndGlobalSection
	GlobalSection(NestedProjects) = preSolution
		{934F048F-6226-42E0-93D2-15F4D6442EC6} = {3E205DA5-AF79-438A-92C9-D18A590023F7}
		{BBB8F034-439B-4C83-AF38-65B438B52F21} = {EB158B4F-31B7-4787-97CD-EB112ABEBF51}
	EndGlobalSection
	GlobalSection(ExtensibilityGlobals) = postSolution
		SolutionGuid = {6364388D-B259-42F4-8EBF-68A25D9AA914}
	EndGlobalSection
EndGlobal
